<?xml version="1.0" encoding="utf-8"?>
<Project ToolsVersion="4.0" xmlns="http://schemas.microsoft.com/developer/msbuild/2003">
  <ItemGroup><Filter Include="Header Files"><UniqueIdentifier>{A559E9AC-7439-4CD1-A649-CC02E0C3CB48}</UniqueIdentifier></Filter><Filter Include="Source Files"><UniqueIdentifier>{2F1902DA-67A3-46E3-B2F4-12FC29793AA6}</UniqueIdentifier></Filter></ItemGroup>
  <ItemGroup><ClInclude Include="include\workpilot_core.h"><Filter>Header Files</Filter></ClInclude><ClInclude Include="src\permission_policy.h"><Filter>Header Files</Filter></ClInclude><ClInclude Include="src\scan_session.h"><Filter>Header Files</Filter></ClInclude><ClInclude Include="src\workspace.h"><Filter>Header Files</Filter></ClInclude></ItemGroup>
  <ItemGroup><ClCompile Include="src\exports.cpp"><Filter>Source Files</Filter></ClCompile><ClCompile Include="src\permission_policy.cpp"><Filter>Source Files</Filter></ClCompile><ClCompile Include="src\scan_session.cpp"><Filter>Source Files</Filter></ClCompile><ClCompile Include="src\workspace.cpp"><Filter>Source Files</Filter></ClCompile></ItemGroup>
</Project>
